// !$*UTF8*$!
{
	archiveVersion = 1;
	classes = {
	};
	objectVersion = 56;
	objects = {

/* Begin PBXBuildFile section */
		BD3259EF2A44C05A002A7B4A /* allAboutMeApp.swift in Sources */ = {isa = PBXBuildFile; fileRef = BD3259EE2A44C05A002A7B4A /* allAboutMeApp.swift */; };
		BD3259F12A44C05A002A7B4A /* ContentView.swift in Sources */ = {isa = PBXBuildFile; fileRef = BD3259F02A44C05A002A7B4A /* ContentView.swift */; };
		BD3259F32A44C05C002A7B4A /* Assets.xcassets in Resources */ = {isa = PBXBuildFile; fileRef = BD3259F22A44C05C002A7B4A /* Assets.xcassets */; };
		BD3259F62A44C05C002A7B4A /* Preview Assets.xcassets in Resources */ = {isa = PBXBuildFile; fileRef = BD3259F52A44C05C002A7B4A /* Preview Assets.xcassets */; };
		BD325A002A44C05C002A7B4A /* allAboutMeTests.swift in Sources */ = {isa = PBXBuildFile; fileRef = BD3259FF2A44C05C002A7B4A /* allAboutMeTests.swift */; };
		BD325A0A2A44C05C002A7B4A /* allAboutMeUITests.swift in Sources */ = {isa = PBXBuildFile; fileRef = BD325A092A44C05C002A7B4A /* allAboutMeUITests.swift */; };
		BD325A0C2A44C05C002A7B4A /* allAboutMeUITestsLaunchTests.swift in Sources */ = {isa = PBXBuildFile; fileRef = BD325A0B2A44C05C002A7B4A /* allAboutMeUITestsLaunchTests.swift */; };
/* End PBXBuildFile section */

/* Begin PBXContainerItemProxy section */
		BD3259FC2A44C05C002A7B4A /* PBXContainerItemProxy */ = {
			isa = PBXContainerItemProxy;
			containerPortal = BD3259E32A44C05A002A7B4A /* Project object */;
			proxyType = 1;
			remoteGlobalIDString = BD3259EA2A44C05A002A7B4A;
			remoteInfo = allAboutMe;
		};
		BD325A062A44C05C002A7B4A /* PBXContainerItemProxy */ = {
			isa = PBXContainerItemProxy;
			containerPortal = BD3259E32A44C05A002A7B4A /* Project object */;
			proxyType = 1;
			remoteGlobalIDString = BD3259EA2A44C05A002A7B4A;
			remoteInfo = allAboutMe;
		};
/* End PBXContainerItemProxy section */

/* Begin PBXFileReference section */
		BD3259EB2A44C05A002A7B4A /* allAboutMe.app */ = {isa = PBXFileReference; explicitFileType = wrapper.application; includeInIndex = 0; path = allAboutMe.app; sourceTree = BUILT_PRODUCTS_DIR; };
		BD3259EE2A44C05A002A7B4A /* allAboutMeApp.swift */ = {isa = PBXFileReference; lastKnownFileType = sourcecode.swift; path = allAboutMeApp.swift; sourceTree = "<group>"; };
		BD3259F02A44C05A002A7B4A /* ContentView.swift */ = {isa = PBXFileReference; lastKnownFileType = sourcecode.swift; path = ContentView.swift; sourceTree = "<group>"; };
		BD3259F22A44C05C002A7B4A /* Assets.xcassets */ = {isa = PBXFileReference; lastKnownFileType = folder.assetcatalog; path = Assets.xcassets; sourceTree = "<group>"; };
		BD3259F52A44C05C002A7B4A /* Preview Assets.xcassets */ = {isa = PBXFileReference; lastKnownFileType = folder.assetcatalog; path = "Preview Assets.xcassets"; sourceTree = "<group>"; };
		BD3259FB2A44C05C002A7B4A /* allAboutMeTests.xctest */ = {isa = PBXFileReference; explicitFileType = wrapper.cfbundle; includeInIndex = 0; path = allAboutMeTests.xctest; sourceTree = BUILT_PRODUCTS_DIR; };
		BD3259FF2A44C05C002A7B4A /* allAboutMeTests.swift */ = {isa = PBXFileReference; lastKnownFileType = sourcecode.swift; path = allAboutMeTests.swift; sourceTree = "<group>"; };
		BD325A052A44C05C002A7B4A /* allAboutMeUITests.xctest */ = {isa = PBXFileReference; explicitFileType = wrapper.cfbundle; includeInIndex = 0; path = allAboutMeUITests.xctest; sourceTree = BUILT_PRODUCTS_DIR; };
		BD325A092A44C05C002A7B4A /* allAboutMeUITests.swift */ = {isa = PBXFileReference; lastKnownFileType = sourcecode.swift; path = allAboutMeUITests.swift; sourceTree = "<group>"; };
		BD325A0B2A44C05C002A7B4A /* allAboutMeUITestsLaunchTests.swift */ = {isa = PBXFileReference; lastKnownFileType = sourcecode.swift; path = allAboutMeUITestsLaunchTests.swift; sourceTree = "<group>"; };
/* End PBXFileReference section */

/* Begin PBXFrameworksBuildPhase section */
		BD3259E82A44C05A002A7B4A /* Frameworks */ = {
			isa = PBXFrameworksBuildPhase;
			buildActionMask = 2147483647;
			files = (
			);
			runOnlyForDeploymentPostprocessing = 0;
		};
		BD3259F82A44C05C002A7B4A /* Frameworks */ = {
			isa = PBXFrameworksBuildPhase;
			buildActionMask = 2147483647;
			files = (
			);
			runOnlyForDeploymentPostprocessing = 0;
		};
		BD325A022A44C05C002A7B4A /* Frameworks */ = {
			isa = PBXFrameworksBuildPhase;
			buildActionMask = 2147483647;
			files = (
			);
			runOnlyForDeploymentPostprocessing = 0;
		};
/* End PBXFrameworksBuildPhase section */

/* Begin PBXGroup section */
		BD3259E22A44C05A002A7B4A = {
			isa = PBXGroup;
			children = (
				BD3259ED2A44C05A002A7B4A /* allAboutMe */,
				BD3259FE2A44C05C002A7B4A /* allAboutMeTests */,
				BD325A082A44C05C002A7B4A /* allAboutMeUITests */,
				BD3259EC2A44C05A002A7B4A /* Products */,
			);
			sourceTree = "<group>";
		};
		BD3259EC2A44C05A002A7B4A /* Products */ = {
			isa = PBXGroup;
			children = (
				BD3259EB2A44C05A002A7B4A /* allAboutMe.app */,
				BD3259FB2A44C05C002A7B4A /* allAboutMeTests.xctest */,
				BD325A052A44C05C002A7B4A /* allAboutMeUITests.xctest */,
			);
			name = Products;
			sourceTree = "<group>";
		};
		BD3259ED2A44C05A002A7B4A /* allAboutMe */ = {
			isa = PBXGroup;
			children = (
				BD3259EE2A44C05A002A7B4A /* allAboutMeApp.swift */,
				BD3259F02A44C05A002A7B4A /* ContentView.swift */,
				BD3259F22A44C05C002A7B4A /* Assets.xcassets */,
				BD3259F42A44C05C002A7B4A /* Preview Content */,
			);
			path = allAboutMe;
			sourceTree = "<group>";
		};
		BD3259F42A44C05C002A7B4A /* Preview Content */ = {
			isa = PBXGroup;
			children = (
				BD3259F52A44C05C002A7B4A /* Preview Assets.xcassets */,
			);
			path = "Preview Content";
			sourceTree = "<group>";
		};
		BD3259FE2A44C05C002A7B4A /* allAboutMeTests */ = {
			isa = PBXGroup;
			children = (
				BD3259FF2A44C05C002A7B4A /* allAboutMeTests.swift */,
			);
			path = allAboutMeTests;
			sourceTree = "<group>";
		};
		BD325A082A44C05C002A7B4A /* allAboutMeUITests */ = {
			isa = PBXGroup;
			children = (
				BD325A092A44C05C002A7B4A /* allAboutMeUITests.swift */,
				BD325A0B2A44C05C002A7B4A /* allAboutMeUITestsLaunchTests.swift */,
			);
			path = allAboutMeUITests;
			sourceTree = "<group>";
		};
/* End PBXGroup section */

/* Begin PBXNativeTarget section */
		BD3259EA2A44C05A002A7B4A /* allAboutMe */ = {
			isa = PBXNativeTarget;
			buildConfigurationList = BD325A0F2A44C05C002A7B4A /* Build configuration list for PBXNativeTarget "allAboutMe" */;
			buildPhases = (
				BD3259E72A44C05A002A7B4A /* Sources */,
				BD3259E82A44C05A002A7B4A /* Frameworks */,
				BD3259E92A44C05A002A7B4A /* Resources */,
			);
			buildRules = (
			);
			dependencies = (
			);
			name = allAboutMe;
			productName = allAboutMe;
			productReference = BD3259EB2A44C05A002A7B4A /* allAboutMe.app */;
			productType = "com.apple.product-type.application";
		};
		BD3259FA2A44C05C002A7B4A /* allAboutMeTests */ = {
			isa = PBXNativeTarget;
			buildConfigurationList = BD325A122A44C05C002A7B4A /* Build configuration list for PBXNativeTarget "allAboutMeTests" */;
			buildPhases = (
				BD3259F72A44C05C002A7B4A /* Sources */,
				BD3259F82A44C05C002A7B4A /* Frameworks */,
				BD3259F92A44C05C002A7B4A /* Resources */,
			);
			buildRules = (
			);
			dependencies = (
				BD3259FD2A44C05C002A7B4A /* PBXTargetDependency */,
			);
			name = allAboutMeTests;
			productName = allAboutMeTests;
			productReference = BD3259FB2A44C05C002A7B4A /* allAboutMeTests.xctest */;
			productType = "com.apple.product-type.bundle.unit-test";
		};
		BD325A042A44C05C002A7B4A /* allAboutMeUITests */ = {
			isa = PBXNativeTarget;
			buildConfigurationList = BD325A152A44C05C002A7B4A /* Build configuration list for PBXNativeTarget "allAboutMeUITests" */;
			buildPhases = (
				BD325A012A44C05C002A7B4A /* Sources */,
				BD325A022A44C05C002A7B4A /* Frameworks */,
				BD325A032A44C05C002A7B4A /* Resources */,
			);
			buildRules = (
			);
			dependencies = (
				BD325A072A44C05C002A7B4A /* PBXTargetDependency */,
			);
			name = allAboutMeUITests;
			productName = allAboutMeUITests;
			productReference = BD325A052A44C05C002A7B4A /* allAboutMeUITests.xctest */;
			productType = "com.apple.product-type.bundle.ui-testing";
		};
/* End PBXNativeTarget section */

/* Begin PBXProject section */
		BD3259E32A44C05A002A7B4A /* Project object */ = {
			isa = PBXProject;
			attributes = {
				BuildIndependentTargetsInParallel = 1;
				LastSwiftUpdateCheck = 1430;
				LastUpgradeCheck = 1430;
				TargetAttributes = {
					BD3259EA2A44C05A002A7B4A = {
						CreatedOnToolsVersion = 14.3.1;
					};
					BD3259FA2A44C05C002A7B4A = {
						CreatedOnToolsVersion = 14.3.1;
						TestTargetID = BD3259EA2A44C05A002A7B4A;
					};
					BD325A042A44C05C002A7B4A = {
						CreatedOnToolsVersion = 14.3.1;
						TestTargetID = BD3259EA2A44C05A002A7B4A;
					};
				};
			};
			buildConfigurationList = BD3259E62A44C05A002A7B4A /* Build configuration list for PBXProject "allAboutMe" */;
			compatibilityVersion = "Xcode 14.0";
			developmentRegion = en;
			hasScannedForEncodings = 0;
			knownRegions = (
				en,
				Base,
			);
			mainGroup = BD3259E22A44C05A002A7B4A;
			productRefGroup = BD3259EC2A44C05A002A7B4A /* Products */;
			projectDirPath = "";
			projectRoot = "";
			targets = (
				BD3259EA2A44C05A002A7B4A /* allAboutMe */,
				BD3259FA2A44C05C002A7B4A /* allAboutMeTests */,
				BD325A042A44C05C002A7B4A /* allAboutMeUITests */,
			);
		};
/* End PBXProject section */

/* Begin PBXResourcesBuildPhase section */
		BD3259E92A44C05A002A7B4A /* Resources */ = {
			isa = PBXResourcesBuildPhase;
			buildActionMask = 2147483647;
			files = (
				BD3259F62A44C05C002A7B4A /* Preview Assets.xcassets in Resources */,
				BD3259F32A44C05C002A7B4A /* Assets.xcassets in Resources */,
			);
			runOnlyForDeploymentPostprocessing = 0;
		};
		BD3259F92A44C05C002A7B4A /* Resources */ = {
			isa = PBXResourcesBuildPhase;
			buildActionMask = 2147483647;
			files = (
			);
			runOnlyForDeploymentPostprocessing = 0;
		};
		BD325A032A44C05C002A7B4A /* Resources */ = {
			isa = PBXResourcesBuildPhase;
			buildActionMask = 2147483647;
			files = (
			);
			runOnlyForDeploymentPostprocessing = 0;
		};
/* End PBXResourcesBuildPhase section */

/* Begin PBXSourcesBuildPhase section */
		BD3259E72A44C05A002A7B4A /* Sources */ = {
			isa = PBXSourcesBuildPhase;
			buildActionMask = 2147483647;
			files = (
				BD3259F12A44C05A002A7B4A /* ContentView.swift in Sources */,
				BD3259EF2A44C05A002A7B4A /* allAboutMeApp.swift in Sources */,
			);
			runOnlyForDeploymentPostprocessing = 0;
		};
		BD3259F72A44C05C002A7B4A /* Sources */ = {
			isa = PBXSourcesBuildPhase;
			buildActionMask = 2147483647;
			files = (
				BD325A002A44C05C002A7B4A /* allAboutMeTests.swift in Sources */,
			);
			runOnlyForDeploymentPostprocessing = 0;
		};
		BD325A012A44C05C002A7B4A /* Sources */ = {
			isa = PBXSourcesBuildPhase;
			buildActionMask = 2147483647;
			files = (
				BD325A0C2A44C05C002A7B4A /* allAboutMeUITestsLaunchTests.swift in Sources */,
				BD325A0A2A44C05C002A7B4A /* allAboutMeUITests.swift in Sources */,
			);
			runOnlyForDeploymentPostprocessing = 0;
		};
/* End PBXSourcesBuildPhase section */

/* Begin PBXTargetDependency section */
		BD3259FD2A44C05C002A7B4A /* PBXTargetDependency */ = {
			isa = PBXTargetDependency;
			target = BD3259EA2A44C05A002A7B4A /* allAboutMe */;
			targetProxy = BD3259FC2A44C05C002A7B4A /* PBXContainerItemProxy */;
		};
		BD325A072A44C05C002A7B4A /* PBXTargetDependency */ = {
			isa = PBXTargetDependency;
			target = BD3259EA2A44C05A002A7B4A /* allAboutMe */;
			targetProxy = BD325A062A44C05C002A7B4A /* PBXContainerItemProxy */;
		};
/* End PBXTargetDependency section */

/* Begin XCBuildConfiguration section */
		BD325A0D2A44C05C002A7B4A /* Debug */ = {
			isa = XCBuildConfiguration;
			buildSettings = {
				ALWAYS_SEARCH_USER_PATHS = NO;
				CLANG_ANALYZER_NONNULL = YES;
				CLANG_ANALYZER_NUMBER_OBJECT_CONVERSION = YES_AGGRESSIVE;
				CLANG_CXX_LANGUAGE_STANDARD = "gnu++20";
				CLANG_ENABLE_MODULES = YES;
				CLANG_ENABLE_OBJC_ARC = YES;
				CLANG_ENABLE_OBJC_WEAK = YES;
				CLANG_WARN_BLOCK_CAPTURE_AUTORELEASING = YES;
				CLANG_WARN_BOOL_CONVERSION = YES;
				CLANG_WARN_COMMA = YES;
				CLANG_WARN_CONSTANT_CONVERSION = YES;
				CLANG_WARN_DEPRECATED_OBJC_IMPLEMENTATIONS = YES;
				CLANG_WARN_DIRECT_OBJC_ISA_USAGE = YES_ERROR;
				CLANG_WARN_DOCUMENTATION_COMMENTS = YES;
				CLANG_WARN_EMPTY_BODY = YES;
				CLANG_WARN_ENUM_CONVERSION = YES;
				CLANG_WARN_INFINITE_RECURSION = YES;
				CLANG_WARN_INT_CONVERSION = YES;
				CLANG_WARN_NON_LITERAL_NULL_CONVERSION = YES;
				CLANG_WARN_OBJC_IMPLICIT_RETAIN_SELF = YES;
				CLANG_WARN_OBJC_LITERAL_CONVERSION = YES;
				CLANG_WARN_OBJC_ROOT_CLASS = YES_ERROR;
				CLANG_WARN_QUOTED_INCLUDE_IN_FRAMEWORK_HEADER = YES;
				CLANG_WARN_RANGE_LOOP_ANALYSIS = YES;
				CLANG_WARN_STRICT_PROTOTYPES = YES;
				CLANG_WARN_SUSPICIOUS_MOVE = YES;
				CLANG_WARN_UNGUARDED_AVAILABILITY = YES_AGGRESSIVE;
				CLANG_WARN_UNREACHABLE_CODE = YES;
				CLANG_WARN__DUPLICATE_METHOD_MATCH = YES;
				COPY_PHASE_STRIP = NO;
				DEBUG_INFORMATION_FORMAT = dwarf;
				ENABLE_STRICT_OBJC_MSGSEND = YES;
				ENABLE_TESTABILITY = YES;
				GCC_C_LANGUAGE_STANDARD = gnu11;
				GCC_DYNAMIC_NO_PIC = NO;
				GCC_NO_COMMON_BLOCKS = YES;
				GCC_OPTIMIZATION_LEVEL = 0;
				GCC_PREPROCESSOR_DEFINITIONS = (
					"DEBUG=1",
					"$(inherited)",
				);
				GCC_WARN_64_TO_32_BIT_CONVERSION = YES;
				GCC_WARN_ABOUT_RETURN_TYPE = YES_ERROR;
				GCC_WARN_UNDECLARED_SELECTOR = YES;
				GCC_WARN_UNINITIALIZED_AUTOS = YES_AGGRESSIVE;
				GCC_WARN_UNUSED_FUNCTION = YES;
				GCC_WARN_UNUSED_VARIABLE = YES;
				IPHONEOS_DEPLOYMENT_TARGET = 16.4;
				MTL_ENABLE_DEBUG_INFO = INCLUDE_SOURCE;
				MTL_FAST_MATH = YES;
				ONLY_ACTIVE_ARCH = YES;
				SDKROOT = iphoneos;
				SWIFT_ACTIVE_COMPILATION_CONDITIONS = DEBUG;
				SWIFT_OPTIMIZATION_LEVEL = "-Onone";
			};
			name = Debug;
		};
		BD325A0E2A44C05C002A7B4A /* Release */ = {
			isa = XCBuildConfiguration;
			buildSettings = {
				ALWAYS_SEARCH_USER_PATHS = NO;
				CLANG_ANALYZER_NONNULL = YES;
				CLANG_ANALYZER_NUMBER_OBJECT_CONVERSION = YES_AGGRESSIVE;
				CLANG_CXX_LANGUAGE_STANDARD = "gnu++20";
				CLANG_ENABLE_MODULES = YES;
				CLANG_ENABLE_OBJC_ARC = YES;
				CLANG_ENABLE_OBJC_WEAK = YES;
				CLANG_WARN_BLOCK_CAPTURE_AUTORELEASING = YES;
				CLANG_WARN_BOOL_CONVERSION = YES;
				CLANG_WARN_COMMA = YES;
				CLANG_WARN_CONSTANT_CONVERSION = YES;
				CLANG_WARN_DEPRECATED_OBJC_IMPLEMENTATIONS = YES;
				CLANG_WARN_DIRECT_OBJC_ISA_USAGE = YES_ERROR;
				CLANG_WARN_DOCUMENTATION_COMMENTS = YES;
				CLANG_WARN_EMPTY_BODY = YES;
				CLANG_WARN_ENUM_CONVERSION = YES;
				CLANG_WARN_INFINITE_RECURSION = YES;
				CLANG_WARN_INT_CONVERSION = YES;
				CLANG_WARN_NON_LITERAL_NULL_CONVERSION = YES;
				CLANG_WARN_OBJC_IMPLICIT_RETAIN_SELF = YES;
				CLANG_WARN_OBJC_LITERAL_CONVERSION = YES;
				CLANG_WARN_OBJC_ROOT_CLASS = YES_ERROR;
				CLANG_WARN_QUOTED_INCLUDE_IN_FRAMEWORK_HEADER = YES;
				CLANG_WARN_RANGE_LOOP_ANALYSIS = YES;
				CLANG_WARN_STRICT_PROTOTYPES = YES;
				CLANG_WARN_SUSPICIOUS_MOVE = YES;
				CLANG_WARN_UNGUARDED_AVAILABILITY = YES_AGGRESSIVE;
				CLANG_WARN_UNREACHABLE_CODE = YES;
				CLANG_WARN__DUPLICATE_METHOD_MATCH = YES;
				COPY_PHASE_STRIP = NO;
				DEBUG_INFORMATION_FORMAT = "dwarf-with-dsym";
				ENABLE_NS_ASSERTIONS = NO;
				ENABLE_STRICT_OBJC_MSGSEND = YES;
				GCC_C_LANGUAGE_STANDARD = gnu11;
				GCC_NO_COMMON_BLOCKS = YES;
				GCC_WARN_64_TO_32_BIT_CONVERSION = YES;
				GCC_WARN_ABOUT_RETURN_TYPE = YES_ERROR;
				GCC_WARN_UNDECLARED_SELECTOR = YES;
				GCC_WARN_UNINITIALIZED_AUTOS = YES_AGGRESSIVE;
				GCC_WARN_UNUSED_FUNCTION = YES;
				GCC_WARN_UNUSED_VARIABLE = YES;
				IPHONEOS_DEPLOYMENT_TARGET = 16.4;
				MTL_ENABLE_DEBUG_INFO = NO;
				MTL_FAST_MATH = YES;
				SDKROOT = iphoneos;
				SWIFT_COMPILATION_MODE = wholemodule;
				SWIFT_OPTIMIZATION_LEVEL = "-O";
				VALIDATE_PRODUCT = YES;
			};
			name = Release;
		};
		BD325A102A44C05C002A7B4A /* Debug */ = {
			isa = XCBuildConfiguration;
			buildSettings = {
				ASSETCATALOG_COMPILER_APPICON_NAME = AppIcon;
				ASSETCATALOG_COMPILER_GLOBAL_ACCENT_COLOR_NAME = AccentColor;
				CODE_SIGN_STYLE = Automatic;
				CURRENT_PROJECT_VERSION = 1;
				DEVELOPMENT_ASSET_PATHS = "\"allAboutMe/Preview Content\"";
				ENABLE_PREVIEWS = YES;
				GENERATE_INFOPLIST_FILE = YES;
				INFOPLIST_KEY_UIApplicationSceneManifest_Generation = YES;
				INFOPLIST_KEY_UIApplicationSupportsIndirectInputEvents = YES;
				INFOPLIST_KEY_UILaunchScreen_Generation = YES;
				INFOPLIST_KEY_UISupportedInterfaceOrientations_iPad = "UIInterfaceOrientationPortrait UIInterfaceOrientationPortraitUpsideDown UIInterfaceOrientationLandscapeLeft UIInterfaceOrientationLandscapeRight";
				INFOPLIST_KEY_UISupportedInterfaceOrientations_iPhone = "UIInterfaceOrientationPortrait UIInterfaceOrientationLandscapeLeft UIInterfaceOrientationLandscapeRight";
				LD_RUNPATH_SEARCH_PATHS = (
					"$(inherited)",
					"@executable_path/Frameworks",
				);
				MARKETING_VERSION = 1.0;
				PRODUCT_BUNDLE_IDENTIFIER = KWK.allAboutMe;
				PRODUCT_NAME = "$(TARGET_NAME)";
				SWIFT_EMIT_LOC_STRINGS = YES;
				SWIFT_VERSION = 5.0;
				TARGETED_DEVICE_FAMILY = "1,2";
			};
			name = Debug;
		};
		BD325A112A44C05C002A7B4A /* Release */ = {
			isa = XCBuildConfiguration;
			buildSettings = {
				ASSETCATALOG_COMPILER_APPICON_NAME = AppIcon;
				ASSETCATALOG_COMPILER_GLOBAL_ACCENT_COLOR_NAME = AccentColor;
				CODE_SIGN_STYLE = Automatic;
				CURRENT_PROJECT_VERSION = 1;
				DEVELOPMENT_ASSET_PATHS = "\"allAboutMe/Preview Content\"";
				ENABLE_PREVIEWS = YES;
				GENERATE_INFOPLIST_FILE = YES;
				INFOPLIST_KEY_UIApplicationSceneManifest_Generation = YES;
				INFOPLIST_KEY_UIApplicationSupportsIndirectInputEvents = YES;
				INFOPLIST_KEY_UILaunchScreen_Generation = YES;
				INFOPLIST_KEY_UISupportedInterfaceOrientations_iPad = "UIInterfaceOrientationPortrait UIInterfaceOrientationPortraitUpsideDown UIInterfaceOrientationLandscapeLeft UIInterfaceOrientationLandscapeRight";
				INFOPLIST_KEY_UISupportedInterfaceOrientations_iPhone = "UIInterfaceOrientationPortrait UIInterfaceOrientationLandscapeLeft UIInterfaceOrientationLandscapeRight";
				LD_RUNPATH_SEARCH_PATHS = (
					"$(inherited)",
					"@executable_path/Frameworks",
				);
				MARKETING_VERSION = 1.0;
				PRODUCT_BUNDLE_IDENTIFIER = KWK.allAboutMe;
				PRODUCT_NAME = "$(TARGET_NAME)";
				SWIFT_EMIT_LOC_STRINGS = YES;
				SWIFT_VERSION = 5.0;
				TARGETED_DEVICE_FAMILY = "1,2";
			};
			name = Release;
		};
		BD325A132A44C05C002A7B4A /* Debug */ = {
			isa = XCBuildConfiguration;
			buildSettings = {
				ALWAYS_EMBED_SWIFT_STANDARD_LIBRARIES = YES;
				BUNDLE_LOADER = "$(TEST_HOST)";
				CODE_SIGN_STYLE = Automatic;
				CURRENT_PROJECT_VERSION = 1;
				GENERATE_INFOPLIST_FILE = YES;
				IPHONEOS_DEPLOYMENT_TARGET = 16.4;
				MARKETING_VERSION = 1.0;
				PRODUCT_BUNDLE_IDENTIFIER = KWK.allAboutMeTests;
				PRODUCT_NAME = "$(TARGET_NAME)";
				SWIFT_EMIT_LOC_STRINGS = NO;
				SWIFT_VERSION = 5.0;
				TARGETED_DEVICE_FAMILY = "1,2";
				TEST_HOST = "$(BUILT_PRODUCTS_DIR)/allAboutMe.app/$(BUNDLE_EXECUTABLE_FOLDER_PATH)/allAboutMe";
			};
			name = Debug;
		};
		BD325A142A44C05C002A7B4A /* Release */ = {
			isa = XCBuildConfiguration;
			buildSettings = {
				ALWAYS_EMBED_SWIFT_STANDARD_LIBRARIES = YES;
				BUNDLE_LOADER = "$(TEST_HOST)";
				CODE_SIGN_STYLE = Automatic;
				CURRENT_PROJECT_VERSION = 1;
				GENERATE_INFOPLIST_FILE = YES;
				IPHONEOS_DEPLOYMENT_TARGET = 16.4;
				MARKETING_VERSION = 1.0;
				PRODUCT_BUNDLE_IDENTIFIER = KWK.allAboutMeTests;
				PRODUCT_NAME = "$(TARGET_NAME)";
				SWIFT_EMIT_LOC_STRINGS = NO;
				SWIFT_VERSION = 5.0;
				TARGETED_DEVICE_FAMILY = "1,2";
				TEST_HOST = "$(BUILT_PRODUCTS_DIR)/allAboutMe.app/$(BUNDLE_EXECUTABLE_FOLDER_PATH)/allAboutMe";
			};
			name = Release;
		};
		BD325A162A44C05C002A7B4A /* Debug */ = {
			isa = XCBuildConfiguration;
			buildSettings = {
				ALWAYS_EMBED_SWIFT_STANDARD_LIBRARIES = YES;
				CODE_SIGN_STYLE = Automatic;
				CURRENT_PROJECT_VERSION = 1;
				GENERATE_INFOPLIST_FILE = YES;
				MARKETING_VERSION = 1.0;
				PRODUCT_BUNDLE_IDENTIFIER = KWK.allAboutMeUITests;
				PRODUCT_NAME = "$(TARGET_NAME)";
				SWIFT_EMIT_LOC_STRINGS = NO;
				SWIFT_VERSION = 5.0;
				TARGETED_DEVICE_FAMILY = "1,2";
				TEST_TARGET_NAME = allAboutMe;
			};
			name = Debug;
		};
		BD325A172A44C05C002A7B4A /* Release */ = {
			isa = XCBuildConfiguration;
			buildSettings = {
				ALWAYS_EMBED_SWIFT_STANDARD_LIBRARIES = YES;
				CODE_SIGN_STYLE = Automatic;
				CURRENT_PROJECT_VERSION = 1;
				GENERATE_INFOPLIST_FILE = YES;
				MARKETING_VERSION = 1.0;
				PRODUCT_BUNDLE_IDENTIFIER = KWK.allAboutMeUITests;
				PRODUCT_NAME = "$(TARGET_NAME)";
				SWIFT_EMIT_LOC_STRINGS = NO;
				SWIFT_VERSION = 5.0;
				TARGETED_DEVICE_FAMILY = "1,2";
				TEST_TARGET_NAME = allAboutMe;
			};
			name = Release;
		};
/* End XCBuildConfiguration section */

/* Begin XCConfigurationList section */
		BD3259E62A44C05A002A7B4A /* Build configuration list for PBXProject "allAboutMe" */ = {
			isa = XCConfigurationList;
			buildConfigurations = (
				BD325A0D2A44C05C002A7B4A /* Debug */,
				BD325A0E2A44C05C002A7B4A /* Release */,
			);
			defaultConfigurationIsVisible = 0;
			defaultConfigurationName = Release;
		};
		BD325A0F2A44C05C002A7B4A /* Build configuration list for PBXNativeTarget "allAboutMe" */ = {
			isa = XCConfigurationList;
			buildConfigurations = (
				BD325A102A44C05C002A7B4A /* Debug */,
				BD325A112A44C05C002A7B4A /* Release */,
			);
			defaultConfigurationIsVisible = 0;
			defaultConfigurationName = Release;
		};
		BD325A122A44C05C002A7B4A /* Build configuration list for PBXNativeTarget "allAboutMeTests" */ = {
			isa = XCConfigurationList;
			buildConfigurations = (
				BD325A132A44C05C002A7B4A /* Debug */,
				BD325A142A44C05C002A7B4A /* Release */,
			);
			defaultConfigurationIsVisible = 0;
			defaultConfigurationName = Release;
		};
		BD325A152A44C05C002A7B4A /* Build configuration list for PBXNativeTarget "allAboutMeUITests" */ = {
			isa = XCConfigurationList;
			buildConfigurations = (
				BD325A162A44C05C002A7B4A /* Debug */,
				BD325A172A44C05C002A7B4A /* Release */,
			);
			defaultConfigurationIsVisible = 0;
			defaultConfigurationName = Release;
		};
/* End XCConfigurationList section */
	};
	rootObject = BD3259E32A44C05A002A7B4A /* Project object */;
}
